
Microsoft Visual Studio Solution File, Format Version 12.00
Project("{FAE04EC0-301F-11D3-BF4B-00C04F79EFBC}") = "NpsDataPull", "NpsDataPull\NpsDataPull.csproj", "{5B377199-67AA-4D95-BC9F-9146C7D7FC0D}"
EndProject
Global
	GlobalSection(SolutionConfigurationPlatforms) = preSolution
		Debug|Any CPU = Debug|Any CPU
		Release|Any CPU = Release|Any CPU
	EndGlobalSection
	GlobalSection(ProjectConfigurationPlatforms) = postSolution
		{5B377199-67AA-4D95-BC9F-9146C7D7FC0D}.Debug|Any CPU.ActiveCfg = Debug|Any CPU
		{5B377199-67AA-4D95-BC9F-9146C7D7FC0D}.Debug|Any CPU.Build.0 = Debug|Any CPU
		{5B377199-67AA-4D95-BC9F-9146C7D7FC0D}.Release|Any CPU.ActiveCfg = Release|Any CPU
		{5B377199-67AA-4D95-BC9F-9146C7D7FC0D}.Release|Any CPU.Build.0 = Release|Any CPU
	EndGlobalSection
EndGlobal
